<?xml version="1.0" encoding="utf-8"?>
<Project ToolsVersion="4.0" xmlns="http://schemas.microsoft.com/developer/msbuild/2003">
  <ItemGroup>
    <Filter Include="Source Files">
      <UniqueIdentifier>{4FC737F1-C7A5-4376-A066-2A32D752A2FF}</UniqueIdentifier>
      <Extensions>cpp;c;cc;cxx;c++;cppm;ixx;def;odl;idl;hpj;bat;asm;asmx</Extensions>
    </Filter>
    <Filter Include="Header Files">
      <UniqueIdentifier>{93995380-89BD-4b04-88EB-625FBE52EBFB}</UniqueIdentifier>
      <Extensions>h;hh;hpp;hxx;h++;hm;inl;inc;ipp;xsd</Extensions>
    </Filter>
    <Filter Include="Resource Files">
      <UniqueIdentifier>{67DA6AB6-F800-4c08-8B7A-83BB121AAD01}</UniqueIdentifier>
      <Extensions>rc;ico;cur;bmp;dlg;rc2;rct;bin;rgs;gif;jpg;jpeg;jpe;resx;tiff;tif;png;wav;mfcribbon-ms</Extensions>
    </Filter>
    <Filter Include="Header Files\Base">
      <UniqueIdentifier>{02ceaec9-11ec-426d-91e6-c9410059d5ad}</UniqueIdentifier>
    </Filter>
    <Filter Include="Header Files\Imported">
      <UniqueIdentifier>{2ced1cde-0b81-45f1-a2f7-e0034f434106}</UniqueIdentifier>
    </Filter>
    <Filter Include="Source Files\Imported">
      <UniqueIdentifier>{ab33d43b-7800-437c-917d-f389a9670dd2}</UniqueIdentifier>
    </Filter>
    <Filter Include="Resource Files\images">
      <UniqueIdentifier>{57d517f4-e30e-4d3d-ab1c-2b64fceb95c4}</UniqueIdentifier>
    </Filter>
    <Filter Include="Header Files\Base\Scripts">
      <UniqueIdentifier>{74db9014-5278-4564-8203-747c9e06875b}</UniqueIdentifier>
    </Filter>
    <Filter Include="Resource Files\fonts">
      <UniqueIdentifier>{a93bf684-da4a-4b2c-8fe8-f4b6059b9fb0}</UniqueIdentifier>
    </Filter>
    <Filter Include="Header Files\Base\Markers">
      <UniqueIdentifier>{d4dff032-4561-4c37-81d1-6c766701933a}</UniqueIdentifier>
    </Filter>
    <Filter Include="Header Files\Base\Flag">
      <UniqueIdentifier>{fa88ffdf-4a6e-47f6-b6a2-c7f88d80d47b}</UniqueIdentifier>
    </Filter>
    <Filter Include="Header Files\Base\Special Windows">
      <UniqueIdentifier>{0c29252b-2252-4573-af7a-067c9a403a79}</UniqueIdentifier>
    </Filter>
    <Filter Include="Header Files\Base\Object">
      <UniqueIdentifier>{ce925af9-25ec-41b0-8259-c39c74569ae5}</UniqueIdentifier>
    </Filter>
    <Filter Include="Header Files\Ghoulies">
      <UniqueIdentifier>{76430468-ca22-4c42-9889-c5b732248928}</UniqueIdentifier>
    </Filter>
    <Filter Include="Source Files\Ghoulies">
      <UniqueIdentifier>{57c7ceb2-d455-49ee-8dc3-6faa8812205c}</UniqueIdentifier>
    </Filter>
    <Filter Include="Header Files\Xenon">
      <UniqueIdentifier>{75102102-8087-4f82-aaf6-71aa273e79f2}</UniqueIdentifier>
    </Filter>
    <Filter Include="Header Files\Rare Replay">
      <UniqueIdentifier>{1ddf2b1c-e09a-41ff-b0ad-ef6343a50169}</UniqueIdentifier>
    </Filter>
    <Filter Include="Source Files\Rare Replay">
      <UniqueIdentifier>{e481f679-9fed-4010-9b95-a971c4b8b34e}</UniqueIdentifier>
    </Filter>
    <Filter Include="Source Files\Xenon">
      <UniqueIdentifier>{795e9295-479e-4c87-be5e-9e0ebe8684f3}</UniqueIdentifier>
    </Filter>
    <Filter Include="Header Files\Pinata">
      <UniqueIdentifier>{498e9af0-c452-4516-b050-78d3c73c7d2d}</UniqueIdentifier>
    </Filter>
    <Filter Include="Source Files\Pinata">
      <UniqueIdentifier>{ff98c11e-b1ab-46c5-93f9-d154017ce93c}</UniqueIdentifier>
    </Filter>
    <Filter Include="Header Files\Base\ML">
      <UniqueIdentifier>{94b40260-a071-4411-bd99-f7ea887c8042}</UniqueIdentifier>
    </Filter>
    <Filter Include="Header Files\Base\Challenge">
      <UniqueIdentifier>{1ae60ac9-867b-4d31-bed1-8331e9828625}</UniqueIdentifier>
    </Filter>
    <Filter Include="Source Files\Challenge">
      <UniqueIdentifier>{1e1c5bcd-32ce-4dfc-866a-1f2525e4e86e}</UniqueIdentifier>
    </Filter>
    <Filter Include="Header Files\Kameo">
      <UniqueIdentifier>{101dee08-d0ed-4ff8-a058-c473b21ca55a}</UniqueIdentifier>
    </Filter>
    <Filter Include="Source Files\Kameo">
      <UniqueIdentifier>{867f538c-27a6-4033-8f21-dce9557fe2be}</UniqueIdentifier>
    </Filter>
    <Filter Include="Header Files\PDZ">
      <UniqueIdentifier>{187372d4-8f36-4a63-97a8-3ba367621432}</UniqueIdentifier>
    </Filter>
    <Filter Include="Header Files\Xbox">
      <UniqueIdentifier>{e019727b-7fcf-4338-9411-cb126f6a32e4}</UniqueIdentifier>
    </Filter>
    <Filter Include="Header Files\Conker">
      <UniqueIdentifier>{147ceade-57e8-4ef1-b5b1-a6f54d748768}</UniqueIdentifier>
    </Filter>
    <Filter Include="Source Files\Conker">
      <UniqueIdentifier>{3720fffc-0b3e-4ff3-98d8-7b8dbde26a3b}</UniqueIdentifier>
    </Filter>
    <Filter Include="Source Files\PDZ">
      <UniqueIdentifier>{47fc2805-a44b-4999-8c46-0f5c71488a34}</UniqueIdentifier>
    </Filter>
    <Filter Include="Header Files\Program Segments">
      <UniqueIdentifier>{87b100d6-76c0-40b1-86da-73b8b79520a2}</UniqueIdentifier>
    </Filter>
    <Filter Include="Source Files\Program Segments">
      <UniqueIdentifier>{28b881ed-1749-4964-af7a-7faae0e02d0e}</UniqueIdentifier>
    </Filter>
  </ItemGroup>
  <ItemGroup>
    <ClCompile Include="thirdparty\glad\src\glad.c">
      <Filter>Source Files\Imported</Filter>
    </ClCompile>
    <ClCompile Include="thirdparty\imgui\imgui.cpp">
      <Filter>Source Files\Imported</Filter>
    </ClCompile>
    <ClCompile Include="thirdparty\imgui\imgui_demo.cpp">
      <Filter>Source Files\Imported</Filter>
    </ClCompile>
    <ClCompile Include="thirdparty\imgui\imgui_draw.cpp">
      <Filter>Source Files\Imported</Filter>
    </ClCompile>
    <ClCompile Include="thirdparty\imgui\backends\imgui_impl_glfw.cpp">
      <Filter>Source Files\Imported</Filter>
    </ClCompile>
    <ClCompile Include="thirdparty\imgui\backends\imgui_impl_opengl3.cpp">
      <Filter>Source Files\Imported</Filter>
    </ClCompile>
    <ClCompile Include="thirdparty\imgui\imgui_tables.cpp">
      <Filter>Source Files\Imported</Filter>
    </ClCompile>
    <ClCompile Include="thirdparty\imgui\imgui_widgets.cpp">
      <Filter>Source Files\Imported</Filter>
    </ClCompile>
    <ClCompile Include="code\Bundle.cpp">
      <Filter>Source Files</Filter>
    </ClCompile>
    <ClCompile Include="code\CaffFileTypes.cpp">
      <Filter>Source Files</Filter>
    </ClCompile>
    <ClCompile Include="code\Challenge.cpp">
      <Filter>Source Files</Filter>
    </ClCompile>
    <ClCompile Include="code\MumboGarage.cpp">
      <Filter>Source Files</Filter>
    </ClCompile>
    <ClCompile Include="code\Save.cpp">
      <Filter>Source Files</Filter>
    </ClCompile>
    <ClCompile Include="code\StreamBundle.cpp">
      <Filter>Source Files</Filter>
    </ClCompile>
    <ClCompile Include="code\PinataDBBundle.cpp">
      <Filter>Source Files\Pinata</Filter>
    </ClCompile>
    <ClCompile Include="code\KameoDatabase.cpp">
      <Filter>Source Files\Kameo</Filter>
    </ClCompile>
    <ClCompile Include="code\ConkerFileTypes.cpp">
      <Filter>Source Files\Conker</Filter>
    </ClCompile>
    <ClCompile Include="code\GhoulBundle.cpp">
      <Filter>Source Files\Ghoulies</Filter>
    </ClCompile>
    <ClCompile Include="code\GhoulDemand.cpp">
      <Filter>Source Files\Ghoulies</Filter>
    </ClCompile>
    <ClCompile Include="code\GhoulFileTypes.cpp">
      <Filter>Source Files\Ghoulies</Filter>
    </ClCompile>
    <ClCompile Include="code\RPK.cpp">
      <Filter>Source Files\Rare Replay</Filter>
    </ClCompile>
    <ClCompile Include="code\LoctextWindow.cpp">
      <Filter>Source Files\Program Segments</Filter>
    </ClCompile>
    <ClCompile Include="code\LoadingProcess.cpp">
      <Filter>Source Files\Program Segments</Filter>
    </ClCompile>
    <ClCompile Include="code\VehicleWindow.cpp">
      <Filter>Source Files\Program Segments</Filter>
    </ClCompile>
    <ClCompile Include="code\MessageHandle.cpp">
      <Filter>Source Files\Program Segments</Filter>
    </ClCompile>
    <ClCompile Include="code\XUIString.cpp">
      <Filter>Source Files\Xenon</Filter>
    </ClCompile>
    <ClCompile Include="code\XWaveBank.cpp">
      <Filter>Source Files\Xenon</Filter>
    </ClCompile>
    <ClCompile Include="code\XWaveBank.h">
      <Filter>Header Files\Xenon</Filter>
    </ClCompile>
    <ClCompile Include="code\DarkPackage.cpp">
      <Filter>Source Files\PDZ</Filter>
    </ClCompile>
    <ClCompile Include="code\Program Segments\BundleSeg.cpp">
      <Filter>Source Files\Program Segments</Filter>
    </ClCompile>
    <ClCompile Include="code\MarkerWindow.cpp">
      <Filter>Source Files\Program Segments</Filter>
    </ClCompile>
    <ClCompile Include="code\ScriptWindow.cpp">
      <Filter>Source Files\Program Segments</Filter>
    </ClCompile>
  </ItemGroup>
  <ItemGroup>
    <ClInclude Include="thirdparty\imgui\imconfig.h">
      <Filter>Header Files\Imported</Filter>
    </ClInclude>
    <ClInclude Include="thirdparty\imgui\imgui.h">
      <Filter>Header Files\Imported</Filter>
    </ClInclude>
    <ClInclude Include="thirdparty\imgui\backends\imgui_impl_glfw.h">
      <Filter>Header Files\Imported</Filter>
    </ClInclude>
    <ClInclude Include="thirdparty\imgui\backends\imgui_impl_opengl3.h">
      <Filter>Header Files\Imported</Filter>
    </ClInclude>
    <ClInclude Include="thirdparty\imgui\backends\imgui_impl_opengl3_loader.h">
      <Filter>Header Files\Imported</Filter>
    </ClInclude>
    <ClInclude Include="thirdparty\imgui\imgui_internal.h">
      <Filter>Header Files\Imported</Filter>
    </ClInclude>
    <ClInclude Include="thirdparty\imgui\imstb_rectpack.h">
      <Filter>Header Files\Imported</Filter>
    </ClInclude>
    <ClInclude Include="thirdparty\imgui\imstb_textedit.h">
      <Filter>Header Files\Imported</Filter>
    </ClInclude>
    <ClInclude Include="thirdparty\imgui\imstb_truetype.h">
      <Filter>Header Files\Imported</Filter>
    </ClInclude>
    <ClInclude Include="thirdparty\stb\stb_image.h">
      <Filter>Header Files\Imported</Filter>
    </ClInclude>
    <ClInclude Include="thirdparty\stb\stb_image_write.h">
      <Filter>Header Files\Imported</Filter>
    </ClInclude>
    <ClInclude Include="code\AssetCommons.h">
      <Filter>Header Files</Filter>
    </ClInclude>
    <ClInclude Include="code\Bundle.h">
      <Filter>Header Files</Filter>
    </ClInclude>
    <ClInclude Include="code\CaffFileTypes.h">
      <Filter>Header Files</Filter>
    </ClInclude>
    <ClInclude Include="code\Challenge.h">
      <Filter>Header Files</Filter>
    </ClInclude>
    <ClInclude Include="code\CommonReader.h">
      <Filter>Header Files</Filter>
    </ClInclude>
    <ClInclude Include="code\Commons.h">
      <Filter>Header Files</Filter>
    </ClInclude>
    <ClInclude Include="code\FlagCounterCommons.h">
      <Filter>Header Files</Filter>
    </ClInclude>
    <ClInclude Include="code\imgui_includes.h">
      <Filter>Header Files</Filter>
    </ClInclude>
    <ClInclude Include="code\MumboGarage.h">
      <Filter>Header Files</Filter>
    </ClInclude>
    <ClInclude Include="code\obj_msg_list.h">
      <Filter>Header Files</Filter>
    </ClInclude>
    <ClInclude Include="code\ReaderUtils.h">
      <Filter>Header Files</Filter>
    </ClInclude>
    <ClInclude Include="code\resource.h">
      <Filter>Header Files</Filter>
    </ClInclude>
    <ClInclude Include="code\Save.h">
      <Filter>Header Files</Filter>
    </ClInclude>
    <ClInclude Include="code\StreamBundle.h">
      <Filter>Header Files</Filter>
    </ClInclude>
    <ClInclude Include="code\VehicleParts.h">
      <Filter>Header Files</Filter>
    </ClInclude>
    <ClInclude Include="code\PinataDBBundle.h">
      <Filter>Header Files\Pinata</Filter>
    </ClInclude>
    <ClInclude Include="code\KameoDatabase.h">
      <Filter>Header Files\Kameo</Filter>
    </ClInclude>
    <ClInclude Include="code\DarkPackage.h">
      <Filter>Header Files\PDZ</Filter>
    </ClInclude>
    <ClInclude Include="code\XUIString.h">
      <Filter>Header Files\Xenon</Filter>
    </ClInclude>
    <ClInclude Include="code\xenon_texture.h">
      <Filter>Header Files\Xenon</Filter>
    </ClInclude>
    <ClInclude Include="code\xbox_texture.h">
      <Filter>Header Files\Xbox</Filter>
    </ClInclude>
    <ClInclude Include="code\ConkerFileTypes.h">
      <Filter>Header Files\Conker</Filter>
    </ClInclude>
    <ClInclude Include="code\GhoulBundle.h">
      <Filter>Header Files\Ghoulies</Filter>
    </ClInclude>
    <ClInclude Include="code\GhoulDemand.h">
      <Filter>Header Files\Ghoulies</Filter>
    </ClInclude>
    <ClInclude Include="code\GhoulFileTypes.h">
      <Filter>Header Files\Ghoulies</Filter>
    </ClInclude>
    <ClInclude Include="code\RPK.h">
      <Filter>Header Files\Rare Replay</Filter>
    </ClInclude>
    <ClInclude Include="code\LoctextWindow.h">
      <Filter>Header Files\Program Segments</Filter>
    </ClInclude>
    <ClInclude Include="code\LoadingProcess.h">
      <Filter>Header Files\Program Segments</Filter>
    </ClInclude>
    <ClInclude Include="code\VehicleWindow.h">
      <Filter>Header Files\Program Segments</Filter>
    </ClInclude>
    <ClInclude Include="code\Program Segments\BundleSeg.h">
      <Filter>Header Files\Program Segments</Filter>
    </ClInclude>
    <ClInclude Include="code\MarkerWindow.h">
      <Filter>Header Files\Program Segments</Filter>
    </ClInclude>
    <ClInclude Include="code\AssetId.h">
      <Filter>Header Files\Base</Filter>
    </ClInclude>
    <ClInclude Include="code\BaseMarker.h">
      <Filter>Header Files\Base\Markers</Filter>
    </ClInclude>
    <ClInclude Include="code\BaseScript.h">
      <Filter>Header Files\Base\Scripts</Filter>
    </ClInclude>
    <ClInclude Include="code\MLTypes.h">
      <Filter>Header Files\Base\ML</Filter>
    </ClInclude>
    <ClInclude Include="code\ScriptWindow.h">
      <Filter>Header Files\Program Segments</Filter>
    </ClInclude>
    <ClInclude Include="code\MessageHandle.h">
      <Filter>Header Files\Program Segments</Filter>
    </ClInclude>
    <ClInclude Include="resource.h">
      <Filter>Header Files</Filter>
    </ClInclude>
  </ItemGroup>
  <ItemGroup>
    <ResourceCompile Include="MumboGarage.rc">
      <Filter>Resource Files</Filter>
    </ResourceCompile>
  </ItemGroup>
  <ItemGroup>
    <Image Include="resource\aid_texture_banjox_ui_worldicon_banjoland.png">
      <Filter>Resource Files\images</Filter>
    </Image>
    <Image Include="resource\aid_anim_icon.png">
      <Filter>Resource Files\images</Filter>
    </Image>
    <Image Include="resource\aid_vehicleblock_icon.png">
      <Filter>Resource Files\images</Filter>
    </Image>
    <Image Include="resource\aid_vehicle_icon.png">
      <Filter>Resource Files\images</Filter>
    </Image>
    <Image Include="resource\aid_audio_icon.png">
      <Filter>Resource Files\images</Filter>
    </Image>
    <Image Include="resource\aid_list_icon.png">
      <Filter>Resource Files\images</Filter>
    </Image>
    <Image Include="resource\aid_challenge_icon.png">
      <Filter>Resource Files\images</Filter>
    </Image>
    <Image Include="resource\icon.png">
      <Filter>Resource Files\images</Filter>
    </Image>
    <Image Include="resource\icon_large.png">
      <Filter>Resource Files\images</Filter>
    </Image>
    <Image Include="resource\exeIcon.ico">
      <Filter>Resource Files</Filter>
    </Image>
    <Image Include="resource\aid_havok_icon.png">
      <Filter>Resource Files\images</Filter>
    </Image>
  </ItemGroup>
  <ItemGroup>
    <Font Include="resource\NotoSansKR-Regular.ttf">
      <Filter>Resource Files\fonts</Filter>
    </Font>
    <Font Include="resource\NotoSansJP-Regular.ttf">
      <Filter>Resource Files\fonts</Filter>
    </Font>
  </ItemGroup>
</Project>